# Generated by cx. Check this in.
cronyx = "0.0.1"

[[package]]
name = "app"
version = "0.1.0"
source = "path+."
dependencies = ["greet"]

[[package]]
name = "greet"
version = "1.0.0"
source = "registry"
checksum = "blake2b:755ca7557585810d462b5a69e2fcb1a3d5dcc2431fa892d31005f4b6ea768ace"
dependencies = []
